
Microsoft Visual Studio Solution File, Format Version 12.00
# Visual Studio Version 17
VisualStudioVersion = 17.3.32825.248
MinimumVisualStudioVersion = 10.0.40219.1
Project("{FAE04EC0-301F-11D3-BF4B-00C04F79EFBC}") = "ClassTaiwanStockUtility", "ClassLibrary1\ClassTaiwanStockUtility.csproj", "{BBDD3B80-53B0-426D-B301-00BFF537CE0C}"
EndProject
Project("{FAE04EC0-301F-11D3-BF4B-00C04F79EFBC}") = "TestProject1", "TestProject1\TestProject1.csproj", "{26B35183-4214-4B27-986B-899EDD02A527}"
EndProject
Global
	GlobalSection(SolutionConfigurationPlatforms) = preSolution
		Debug|Any CPU = Debug|Any CPU
		Release|Any CPU = Release|Any CPU
	EndGlobalSection
	GlobalSection(ProjectConfigurationPlatforms) = postSolution
		{BBDD3B80-53B0-426D-B301-00BFF537CE0C}.Debug|Any CPU.ActiveCfg = Debug|Any CPU
		{BBDD3B80-53B0-426D-B301-00BFF537CE0C}.Debug|Any CPU.Build.0 = Debug|Any CPU
		{BBDD3B80-53B0-426D-B301-00BFF537CE0C}.Release|Any CPU.ActiveCfg = Release|Any CPU
		{BBDD3B80-53B0-426D-B301-00BFF537CE0C}.Release|Any CPU.Build.0 = Release|Any CPU
		{26B35183-4214-4B27-986B-899EDD02A527}.Debug|Any CPU.ActiveCfg = Debug|Any CPU
		{26B35183-4214-4B27-986B-899EDD02A527}.Debug|Any CPU.Build.0 = Debug|Any CPU
		{26B35183-4214-4B27-986B-899EDD02A527}.Release|Any CPU.ActiveCfg = Release|Any CPU
		{26B35183-4214-4B27-986B-899EDD02A527}.Release|Any CPU.Build.0 = Release|Any CPU
	EndGlobalSection
	GlobalSection(SolutionProperties) = preSolution
		HideSolutionNode = FALSE
	EndGlobalSection
	GlobalSection(ExtensibilityGlobals) = postSolution
		SolutionGuid = {DCA43031-9EEA-410D-9FF1-60A07F7A8215}
	EndGlobalSection
EndGlobal
